
Microsoft Visual Studio Solution File, Format Version 12.00
# Visual Studio 15
VisualStudioVersion = 15.0.27130.2036
MinimumVisualStudioVersion = 10.0.40219.1
Project("{FAE04EC0-301F-11D3-BF4B-00C04F79EFBC}") = "MatrixesProject", "MatrixesProject\MatrixesProject.csproj", "{57FA3736-0F08-4F10-8A03-A7016C5E0490}"
EndProject
Global
	GlobalSection(SolutionConfigurationPlatforms) = preSolution
		Debug|Any CPU = Debug|Any CPU
		Release|Any CPU = Release|Any CPU
	EndGlobalSection
	GlobalSection(ProjectConfigurationPlatforms) = postSolution
		{57FA3736-0F08-4F10-8A03-A7016C5E0490}.Debug|Any CPU.ActiveCfg = Debug|Any CPU
		{57FA3736-0F08-4F10-8A03-A7016C5E0490}.Debug|Any CPU.Build.0 = Debug|Any CPU
		{57FA3736-0F08-4F10-8A03-A7016C5E0490}.Release|Any CPU.ActiveCfg = Release|Any CPU
		{57FA3736-0F08-4F10-8A03-A7016C5E0490}.Release|Any CPU.Build.0 = Release|Any CPU
	EndGlobalSection
	GlobalSection(SolutionProperties) = preSolution
		HideSolutionNode = FALSE
	EndGlobalSection
	GlobalSection(ExtensibilityGlobals) = postSolution
		SolutionGuid = {A11D7304-0D83-4415-91F7-CF5A8B7A8CA3}
	EndGlobalSection
EndGlobal
